
Microsoft Visual Studio Solution File, Format Version 12.00
# Visual Studio Version 17
VisualStudioVersion = 17.10.34928.147
MinimumVisualStudioVersion = 10.0.40219.1
Project("{FAE04EC0-301F-11D3-BF4B-00C04F79EFBC}") = "WervenProj", "WervenProj\WervenProj.csproj", "{DFF5487F-F6F1-466C-9D39-0CEA56EE1B1D}"
EndProject
Global
	GlobalSection(SolutionConfigurationPlatforms) = preSolution
		Debug|Any CPU = Debug|Any CPU
		Release|Any CPU = Release|Any CPU
	EndGlobalSection
	GlobalSection(ProjectConfigurationPlatforms) = postSolution
		{DFF5487F-F6F1-466C-9D39-0CEA56EE1B1D}.Debug|Any CPU.ActiveCfg = Debug|Any CPU
		{DFF5487F-F6F1-466C-9D39-0CEA56EE1B1D}.Debug|Any CPU.Build.0 = Debug|Any CPU
		{DFF5487F-F6F1-466C-9D39-0CEA56EE1B1D}.Release|Any CPU.ActiveCfg = Release|Any CPU
		{DFF5487F-F6F1-466C-9D39-0CEA56EE1B1D}.Release|Any CPU.Build.0 = Release|Any CPU
	EndGlobalSection
	GlobalSection(SolutionProperties) = preSolution
		HideSolutionNode = FALSE
	EndGlobalSection
	GlobalSection(ExtensibilityGlobals) = postSolution
		SolutionGuid = {3E7F393A-BB8C-4794-BA90-9EC498FFBE15}
	EndGlobalSection
EndGlobal
